// !$*UTF8*$!
{
	archiveVersion = 1;
	classes = {
	};
	objectVersion = 55;
	objects = {

/* Begin PBXBuildFile section */
		BBDE8025286EC74200AFEA8C /* AppDelegate.swift in Sources */ = {isa = PBXBuildFile; fileRef = BBDE8024286EC74200AFEA8C /* AppDelegate.swift */; };
		BBDE8027286EC74200AFEA8C /* SceneDelegate.swift in Sources */ = {isa = PBXBuildFile; fileRef = BBDE8026286EC74200AFEA8C /* SceneDelegate.swift */; };
		BBDE8029286EC74200AFEA8C /* ViewController.swift in Sources */ = {isa = PBXBuildFile; fileRef = BBDE8028286EC74200AFEA8C /* ViewController.swift */; };
		BBDE802C286EC74200AFEA8C /* Main.storyboard in Resources */ = {isa = PBXBuildFile; fileRef = BBDE802A286EC74200AFEA8C /* Main.storyboard */; };
		BBDE802F286EC74200AFEA8C /* Model.xcdatamodeld in Sources */ = {isa = PBXBuildFile; fileRef = BBDE802D286EC74200AFEA8C /* Model.xcdatamodeld */; };
		BBDE8031286EC74300AFEA8C /* Assets.xcassets in Resources */ = {isa = PBXBuildFile; fileRef = BBDE8030286EC74300AFEA8C /* Assets.xcassets */; };
		BBDE8034286EC74300AFEA8C /* LaunchScreen.storyboard in Resources */ = {isa = PBXBuildFile; fileRef = BBDE8032286EC74300AFEA8C /* LaunchScreen.storyboard */; };
		BBDE8040286EC8CC00AFEA8C /* CoreDataManager.swift in Sources */ = {isa = PBXBuildFile; fileRef = BBDE803F286EC8CC00AFEA8C /* CoreDataManager.swift */; };
		BBDE804A286ED6C400AFEA8C /* TableViewCell.swift in Sources */ = {isa = PBXBuildFile; fileRef = BBDE8049286ED6C400AFEA8C /* TableViewCell.swift */; };
/* End PBXBuildFile section */

/* Begin PBXFileReference section */
		BBDE8021286EC74200AFEA8C /* CRUD_CoreData.app */ = {isa = PBXFileReference; explicitFileType = wrapper.application; includeInIndex = 0; path = CRUD_CoreData.app; sourceTree = BUILT_PRODUCTS_DIR; };
		BBDE8024286EC74200AFEA8C /* AppDelegate.swift */ = {isa = PBXFileReference; lastKnownFileType = sourcecode.swift; path = AppDelegate.swift; sourceTree = "<group>"; };
		BBDE8026286EC74200AFEA8C /* SceneDelegate.swift */ = {isa = PBXFileReference; lastKnownFileType = sourcecode.swift; path = SceneDelegate.swift; sourceTree = "<group>"; };
		BBDE8028286EC74200AFEA8C /* ViewController.swift */ = {isa = PBXFileReference; lastKnownFileType = sourcecode.swift; path = ViewController.swift; sourceTree = "<group>"; };
		BBDE802B286EC74200AFEA8C /* Base */ = {isa = PBXFileReference; lastKnownFileType = file.storyboard; name = Base; path = Base.lproj/Main.storyboard; sourceTree = "<group>"; };
		BBDE802E286EC74200AFEA8C /* CRUD_CoreData.xcdatamodel */ = {isa = PBXFileReference; lastKnownFileType = wrapper.xcdatamodel; path = CRUD_CoreData.xcdatamodel; sourceTree = "<group>"; };
		BBDE8030286EC74300AFEA8C /* Assets.xcassets */ = {isa = PBXFileReference; lastKnownFileType = folder.assetcatalog; path = Assets.xcassets; sourceTree = "<group>"; };
		BBDE8033286EC74300AFEA8C /* Base */ = {isa = PBXFileReference; lastKnownFileType = file.storyboard; name = Base; path = Base.lproj/LaunchScreen.storyboard; sourceTree = "<group>"; };
		BBDE8035286EC74300AFEA8C /* Info.plist */ = {isa = PBXFileReference; lastKnownFileType = text.plist.xml; path = Info.plist; sourceTree = "<group>"; };
		BBDE803F286EC8CC00AFEA8C /* CoreDataManager.swift */ = {isa = PBXFileReference; lastKnownFileType = sourcecode.swift; path = CoreDataManager.swift; sourceTree = "<group>"; };
		BBDE8049286ED6C400AFEA8C /* TableViewCell.swift */ = {isa = PBXFileReference; lastKnownFileType = sourcecode.swift; path = TableViewCell.swift; sourceTree = "<group>"; };
/* End PBXFileReference section */

/* Begin PBXFrameworksBuildPhase section */
		BBDE801E286EC74200AFEA8C /* Frameworks */ = {
			isa = PBXFrameworksBuildPhase;
			buildActionMask = 2147483647;
			files = (
			);
			runOnlyForDeploymentPostprocessing = 0;
		};
/* End PBXFrameworksBuildPhase section */

/* Begin PBXGroup section */
		BBDE8018286EC74200AFEA8C = {
			isa = PBXGroup;
			children = (
				BBDE8023286EC74200AFEA8C /* CRUD_CoreData */,
				BBDE8022286EC74200AFEA8C /* Products */,
			);
			sourceTree = "<group>";
		};
		BBDE8022286EC74200AFEA8C /* Products */ = {
			isa = PBXGroup;
			children = (
				BBDE8021286EC74200AFEA8C /* CRUD_CoreData.app */,
			);
			name = Products;
			sourceTree = "<group>";
		};
		BBDE8023286EC74200AFEA8C /* CRUD_CoreData */ = {
			isa = PBXGroup;
			children = (
				BBDE8024286EC74200AFEA8C /* AppDelegate.swift */,
				BBDE8026286EC74200AFEA8C /* SceneDelegate.swift */,
				BBDE8028286EC74200AFEA8C /* ViewController.swift */,
				BBDE802A286EC74200AFEA8C /* Main.storyboard */,
				BBDE8030286EC74300AFEA8C /* Assets.xcassets */,
				BBDE8032286EC74300AFEA8C /* LaunchScreen.storyboard */,
				BBDE8035286EC74300AFEA8C /* Info.plist */,
				BBDE802D286EC74200AFEA8C /* Model.xcdatamodeld */,
				BBDE803F286EC8CC00AFEA8C /* CoreDataManager.swift */,
				BBDE8049286ED6C400AFEA8C /* TableViewCell.swift */,
			);
			path = CRUD_CoreData;
			sourceTree = "<group>";
		};
/* End PBXGroup section */

/* Begin PBXNativeTarget section */
		BBDE8020286EC74200AFEA8C /* CRUD_CoreData */ = {
			isa = PBXNativeTarget;
			buildConfigurationList = BBDE8038286EC74300AFEA8C /* Build configuration list for PBXNativeTarget "CRUD_CoreData" */;
			buildPhases = (
				BBDE801D286EC74200AFEA8C /* Sources */,
				BBDE801E286EC74200AFEA8C /* Frameworks */,
				BBDE801F286EC74200AFEA8C /* Resources */,
			);
			buildRules = (
			);
			dependencies = (
			);
			name = CRUD_CoreData;
			productName = CRUD_CoreData;
			productReference = BBDE8021286EC74200AFEA8C /* CRUD_CoreData.app */;
			productType = "com.apple.product-type.application";
		};
/* End PBXNativeTarget section */

/* Begin PBXProject section */
		BBDE8019286EC74200AFEA8C /* Project object */ = {
			isa = PBXProject;
			attributes = {
				BuildIndependentTargetsInParallel = 1;
				LastSwiftUpdateCheck = 1340;
				LastUpgradeCheck = 1340;
				TargetAttributes = {
					BBDE8020286EC74200AFEA8C = {
						CreatedOnToolsVersion = 13.4.1;
					};
				};
			};
			buildConfigurationList = BBDE801C286EC74200AFEA8C /* Build configuration list for PBXProject "CRUD_CoreData" */;
			compatibilityVersion = "Xcode 13.0";
			developmentRegion = en;
			hasScannedForEncodings = 0;
			knownRegions = (
				en,
				Base,
			);
			mainGroup = BBDE8018286EC74200AFEA8C;
			productRefGroup = BBDE8022286EC74200AFEA8C /* Products */;
			projectDirPath = "";
			projectRoot = "";
			targets = (
				BBDE8020286EC74200AFEA8C /* CRUD_CoreData */,
			);
		};
/* End PBXProject section */

/* Begin PBXResourcesBuildPhase section */
		BBDE801F286EC74200AFEA8C /* Resources */ = {
			isa = PBXResourcesBuildPhase;
			buildActionMask = 2147483647;
			files = (
				BBDE8034286EC74300AFEA8C /* LaunchScreen.storyboard in Resources */,
				BBDE8031286EC74300AFEA8C /* Assets.xcassets in Resources */,
				BBDE802C286EC74200AFEA8C /* Main.storyboard in Resources */,
			);
			runOnlyForDeploymentPostprocessing = 0;
		};
/* End PBXResourcesBuildPhase section */

/* Begin PBXSourcesBuildPhase section */
		BBDE801D286EC74200AFEA8C /* Sources */ = {
			isa = PBXSourcesBuildPhase;
			buildActionMask = 2147483647;
			files = (
				BBDE8029286EC74200AFEA8C /* ViewController.swift in Sources */,
				BBDE8025286EC74200AFEA8C /* AppDelegate.swift in Sources */,
				BBDE802F286EC74200AFEA8C /* Model.xcdatamodeld in Sources */,
				BBDE804A286ED6C400AFEA8C /* TableViewCell.swift in Sources */,
				BBDE8040286EC8CC00AFEA8C /* CoreDataManager.swift in Sources */,
				BBDE8027286EC74200AFEA8C /* SceneDelegate.swift in Sources */,
			);
			runOnlyForDeploymentPostprocessing = 0;
		};
/* End PBXSourcesBuildPhase section */

/* Begin PBXVariantGroup section */
		BBDE802A286EC74200AFEA8C /* Main.storyboard */ = {
			isa = PBXVariantGroup;
			children = (
				BBDE802B286EC74200AFEA8C /* Base */,
			);
			name = Main.storyboard;
			sourceTree = "<group>";
		};
		BBDE8032286EC74300AFEA8C /* LaunchScreen.storyboard */ = {
			isa = PBXVariantGroup;
			children = (
				BBDE8033286EC74300AFEA8C /* Base */,
			);
			name = LaunchScreen.storyboard;
			sourceTree = "<group>";
		};
/* End PBXVariantGroup section */

/* Begin XCBuildConfiguration section */
		BBDE8036286EC74300AFEA8C /* Debug */ = {
			isa = XCBuildConfiguration;
			buildSettings = {
				ALWAYS_SEARCH_USER_PATHS = NO;
				CLANG_ANALYZER_NONNULL = YES;
				CLANG_ANALYZER_NUMBER_OBJECT_CONVERSION = YES_AGGRESSIVE;
				CLANG_CXX_LANGUAGE_STANDARD = "gnu++17";
				CLANG_ENABLE_MODULES = YES;
				CLANG_ENABLE_OBJC_ARC = YES;
				CLANG_ENABLE_OBJC_WEAK = YES;
				CLANG_WARN_BLOCK_CAPTURE_AUTORELEASING = YES;
				CLANG_WARN_BOOL_CONVERSION = YES;
				CLANG_WARN_COMMA = YES;
				CLANG_WARN_CONSTANT_CONVERSION = YES;
				CLANG_WARN_DEPRECATED_OBJC_IMPLEMENTATIONS = YES;
				CLANG_WARN_DIRECT_OBJC_ISA_USAGE = YES_ERROR;
				CLANG_WARN_DOCUMENTATION_COMMENTS = YES;
				CLANG_WARN_EMPTY_BODY = YES;
				CLANG_WARN_ENUM_CONVERSION = YES;
				CLANG_WARN_INFINITE_RECURSION = YES;
				CLANG_WARN_INT_CONVERSION = YES;
				CLANG_WARN_NON_LITERAL_NULL_CONVERSION = YES;
				CLANG_WARN_OBJC_IMPLICIT_RETAIN_SELF = YES;
				CLANG_WARN_OBJC_LITERAL_CONVERSION = YES;
				CLANG_WARN_OBJC_ROOT_CLASS = YES_ERROR;
				CLANG_WARN_QUOTED_INCLUDE_IN_FRAMEWORK_HEADER = YES;
				CLANG_WARN_RANGE_LOOP_ANALYSIS = YES;
				CLANG_WARN_STRICT_PROTOTYPES = YES;
				CLANG_WARN_SUSPICIOUS_MOVE = YES;
				CLANG_WARN_UNGUARDED_AVAILABILITY = YES_AGGRESSIVE;
				CLANG_WARN_UNREACHABLE_CODE = YES;
				CLANG_WARN__DUPLICATE_METHOD_MATCH = YES;
				COPY_PHASE_STRIP = NO;
				DEBUG_INFORMATION_FORMAT = dwarf;
				ENABLE_STRICT_OBJC_MSGSEND = YES;
				ENABLE_TESTABILITY = YES;
				GCC_C_LANGUAGE_STANDARD = gnu11;
				GCC_DYNAMIC_NO_PIC = NO;
				GCC_NO_COMMON_BLOCKS = YES;
				GCC_OPTIMIZATION_LEVEL = 0;
				GCC_PREPROCESSOR_DEFINITIONS = (
					"DEBUG=1",
					"$(inherited)",
				);
				GCC_WARN_64_TO_32_BIT_CONVERSION = YES;
				GCC_WARN_ABOUT_RETURN_TYPE = YES_ERROR;
				GCC_WARN_UNDECLARED_SELECTOR = YES;
				GCC_WARN_UNINITIALIZED_AUTOS = YES_AGGRESSIVE;
				GCC_WARN_UNUSED_FUNCTION = YES;
				GCC_WARN_UNUSED_VARIABLE = YES;
				IPHONEOS_DEPLOYMENT_TARGET = 15.5;
				MTL_ENABLE_DEBUG_INFO = INCLUDE_SOURCE;
				MTL_FAST_MATH = YES;
				ONLY_ACTIVE_ARCH = YES;
				SDKROOT = iphoneos;
				SWIFT_ACTIVE_COMPILATION_CONDITIONS = DEBUG;
				SWIFT_OPTIMIZATION_LEVEL = "-Onone";
			};
			name = Debug;
		};
		BBDE8037286EC74300AFEA8C /* Release */ = {
			isa = XCBuildConfiguration;
			buildSettings = {
				ALWAYS_SEARCH_USER_PATHS = NO;
				CLANG_ANALYZER_NONNULL = YES;
				CLANG_ANALYZER_NUMBER_OBJECT_CONVERSION = YES_AGGRESSIVE;
				CLANG_CXX_LANGUAGE_STANDARD = "gnu++17";
				CLANG_ENABLE_MODULES = YES;
				CLANG_ENABLE_OBJC_ARC = YES;
				CLANG_ENABLE_OBJC_WEAK = YES;
				CLANG_WARN_BLOCK_CAPTURE_AUTORELEASING = YES;
				CLANG_WARN_BOOL_CONVERSION = YES;
				CLANG_WARN_COMMA = YES;
				CLANG_WARN_CONSTANT_CONVERSION = YES;
				CLANG_WARN_DEPRECATED_OBJC_IMPLEMENTATIONS = YES;
				CLANG_WARN_DIRECT_OBJC_ISA_USAGE = YES_ERROR;
				CLANG_WARN_DOCUMENTATION_COMMENTS = YES;
				CLANG_WARN_EMPTY_BODY = YES;
				CLANG_WARN_ENUM_CONVERSION = YES;
				CLANG_WARN_INFINITE_RECURSION = YES;
				CLANG_WARN_INT_CONVERSION = YES;
				CLANG_WARN_NON_LITERAL_NULL_CONVERSION = YES;
				CLANG_WARN_OBJC_IMPLICIT_RETAIN_SELF = YES;
				CLANG_WARN_OBJC_LITERAL_CONVERSION = YES;
				CLANG_WARN_OBJC_ROOT_CLASS = YES_ERROR;
				CLANG_WARN_QUOTED_INCLUDE_IN_FRAMEWORK_HEADER = YES;
				CLANG_WARN_RANGE_LOOP_ANALYSIS = YES;
				CLANG_WARN_STRICT_PROTOTYPES = YES;
				CLANG_WARN_SUSPICIOUS_MOVE = YES;
				CLANG_WARN_UNGUARDED_AVAILABILITY = YES_AGGRESSIVE;
				CLANG_WARN_UNREACHABLE_CODE = YES;
				CLANG_WARN__DUPLICATE_METHOD_MATCH = YES;
				COPY_PHASE_STRIP = NO;
				DEBUG_INFORMATION_FORMAT = "dwarf-with-dsym";
				ENABLE_NS_ASSERTIONS = NO;
				ENABLE_STRICT_OBJC_MSGSEND = YES;
				GCC_C_LANGUAGE_STANDARD = gnu11;
				GCC_NO_COMMON_BLOCKS = YES;
				GCC_WARN_64_TO_32_BIT_CONVERSION = YES;
				GCC_WARN_ABOUT_RETURN_TYPE = YES_ERROR;
				GCC_WARN_UNDECLARED_SELECTOR = YES;
				GCC_WARN_UNINITIALIZED_AUTOS = YES_AGGRESSIVE;
				GCC_WARN_UNUSED_FUNCTION = YES;
				GCC_WARN_UNUSED_VARIABLE = YES;
				IPHONEOS_DEPLOYMENT_TARGET = 15.5;
				MTL_ENABLE_DEBUG_INFO = NO;
				MTL_FAST_MATH = YES;
				SDKROOT = iphoneos;
				SWIFT_COMPILATION_MODE = wholemodule;
				SWIFT_OPTIMIZATION_LEVEL = "-O";
				VALIDATE_PRODUCT = YES;
			};
			name = Release;
		};
		BBDE8039286EC74300AFEA8C /* Debug */ = {
			isa = XCBuildConfiguration;
			buildSettings = {
				ASSETCATALOG_COMPILER_APPICON_NAME = AppIcon;
				ASSETCATALOG_COMPILER_GLOBAL_ACCENT_COLOR_NAME = AccentColor;
				CODE_SIGN_STYLE = Automatic;
				CURRENT_PROJECT_VERSION = 1;
				GENERATE_INFOPLIST_FILE = YES;
				INFOPLIST_FILE = CRUD_CoreData/Info.plist;
				INFOPLIST_KEY_UIApplicationSupportsIndirectInputEvents = YES;
				INFOPLIST_KEY_UILaunchStoryboardName = LaunchScreen;
				INFOPLIST_KEY_UIMainStoryboardFile = Main;
				INFOPLIST_KEY_UISupportedInterfaceOrientations_iPad = "UIInterfaceOrientationPortrait UIInterfaceOrientationPortraitUpsideDown UIInterfaceOrientationLandscapeLeft UIInterfaceOrientationLandscapeRight";
				INFOPLIST_KEY_UISupportedInterfaceOrientations_iPhone = "UIInterfaceOrientationPortrait UIInterfaceOrientationLandscapeLeft UIInterfaceOrientationLandscapeRight";
				LD_RUNPATH_SEARCH_PATHS = (
					"$(inherited)",
					"@executable_path/Frameworks",
				);
				MARKETING_VERSION = 1.0;
				PRODUCT_BUNDLE_IDENTIFIER = "sumwb.CRUD-CoreData";
				PRODUCT_NAME = "$(TARGET_NAME)";
				SWIFT_EMIT_LOC_STRINGS = YES;
				SWIFT_VERSION = 5.0;
				TARGETED_DEVICE_FAMILY = "1,2";
			};
			name = Debug;
		};
		BBDE803A286EC74300AFEA8C /* Release */ = {
			isa = XCBuildConfiguration;
			buildSettings = {
				ASSETCATALOG_COMPILER_APPICON_NAME = AppIcon;
				ASSETCATALOG_COMPILER_GLOBAL_ACCENT_COLOR_NAME = AccentColor;
				CODE_SIGN_STYLE = Automatic;
				CURRENT_PROJECT_VERSION = 1;
				GENERATE_INFOPLIST_FILE = YES;
				INFOPLIST_FILE = CRUD_CoreData/Info.plist;
				INFOPLIST_KEY_UIApplicationSupportsIndirectInputEvents = YES;
				INFOPLIST_KEY_UILaunchStoryboardName = LaunchScreen;
				INFOPLIST_KEY_UIMainStoryboardFile = Main;
				INFOPLIST_KEY_UISupportedInterfaceOrientations_iPad = "UIInterfaceOrientationPortrait UIInterfaceOrientationPortraitUpsideDown UIInterfaceOrientationLandscapeLeft UIInterfaceOrientationLandscapeRight";
				INFOPLIST_KEY_UISupportedInterfaceOrientations_iPhone = "UIInterfaceOrientationPortrait UIInterfaceOrientationLandscapeLeft UIInterfaceOrientationLandscapeRight";
				LD_RUNPATH_SEARCH_PATHS = (
					"$(inherited)",
					"@executable_path/Frameworks",
				);
				MARKETING_VERSION = 1.0;
				PRODUCT_BUNDLE_IDENTIFIER = "sumwb.CRUD-CoreData";
				PRODUCT_NAME = "$(TARGET_NAME)";
				SWIFT_EMIT_LOC_STRINGS = YES;
				SWIFT_VERSION = 5.0;
				TARGETED_DEVICE_FAMILY = "1,2";
			};
			name = Release;
		};
/* End XCBuildConfiguration section */

/* Begin XCConfigurationList section */
		BBDE801C286EC74200AFEA8C /* Build configuration list for PBXProject "CRUD_CoreData" */ = {
			isa = XCConfigurationList;
			buildConfigurations = (
				BBDE8036286EC74300AFEA8C /* Debug */,
				BBDE8037286EC74300AFEA8C /* Release */,
			);
			defaultConfigurationIsVisible = 0;
			defaultConfigurationName = Release;
		};
		BBDE8038286EC74300AFEA8C /* Build configuration list for PBXNativeTarget "CRUD_CoreData" */ = {
			isa = XCConfigurationList;
			buildConfigurations = (
				BBDE8039286EC74300AFEA8C /* Debug */,
				BBDE803A286EC74300AFEA8C /* Release */,
			);
			defaultConfigurationIsVisible = 0;
			defaultConfigurationName = Release;
		};
/* End XCConfigurationList section */

/* Begin XCVersionGroup section */
		BBDE802D286EC74200AFEA8C /* Model.xcdatamodeld */ = {
			isa = XCVersionGroup;
			children = (
				BBDE802E286EC74200AFEA8C /* CRUD_CoreData.xcdatamodel */,
			);
			currentVersion = BBDE802E286EC74200AFEA8C /* CRUD_CoreData.xcdatamodel */;
			path = Model.xcdatamodeld;
			sourceTree = "<group>";
			versionGroupType = wrapper.xcdatamodel;
		};
/* End XCVersionGroup section */
	};
	rootObject = BBDE8019286EC74200AFEA8C /* Project object */;
}
